{
    "_meta": {
        "hash": {
            "sha256": "eabd9105cd49ee37676bdc346e06e3cd192f608a32760c4e1133944232872116"
        },
        "pipfile-spec": 6,
        "requires": {
            "python_full_version": "3.12.2",
            "python_version": "3.12"
        },
        "sources": [
            {
                "name": "pypi",
                "url": "https://pypi.org/simple",
                "verify_ssl": true
            }
        ]
    },
    "default": {
        "bibtexparser": {
            "hashes": [
                "sha256:e00e29e24676c4808e0b4333b37bb55cca9cbb7871a56f63058509281588d789"
            ],
            "index": "pypi",
            "version": "==1.4.1"
        },
        "pymupdf": {
            "hashes": [
                "sha256:03bd1985b0234c3d2b8e26bb3e9ab1d2641dbada1e199b838a6bf884f35224c8",
                "sha256:067c88b4e6609cb7e74d98d0b0a35c11eb8e29f4fc51dc7ed1dd448b81d347c7",
                "sha256:0f6923a44fbeaeefaabb2fa10955dcef3624e8826db661201951f3b3409fed32",
                "sha256:111d795a3e840aec2ad66beebd90a5327994ec85ed56fd68312f5463062dbbfa",
                "sha256:2237ce9897771f4af686cc0c81517ffb020fc1a011b95ccf5ccf05383492bd6d",
                "sha256:23d735db51722a889bb50636d161d2747f08fa0b82cc2e4a7eb8e228b25d1c4e",
                "sha256:2479473b533936593428ce78499a1e9901570110ac602f03f1f3174efa0fa6a8",
                "sha256:251c9c321a2112716068d5ae11deedd1911d0387cbdd0ef19adb216a3adf882c",
                "sha256:514b272bfcd897f9ae29384da04167dcdea3b13ce0f2b9099b645314355d037d",
                "sha256:514bcb679926b33413637b0bd73b223c90fb0d19352caf3395d0f23b1d47e8af",
                "sha256:638fcb1f7551eb5ab582e412e204e8ded94acbbc37bc7f1e891a5dfc428881ee",
                "sha256:6be2b20fbff40602f673fc8e60fde3e5911397f8ca9ed6aa2d15be94b12cc2c4",
                "sha256:88bfed1bd13ec84869489fc7b97381016cb8b99956073f4c3e8ac8c840bbb15a",
                "sha256:8eeb2e97347586ec293fddaf61e8dfc58d6b2763406e8f7a6e45b560bf9b15a3",
                "sha256:98a78582c8a0c61b372e2bcd63dc61efc873e40b7d1f0b896a195e1a9ef9ffa7",
                "sha256:a247a4be1e43a6127ee305eae9f65767ee7519a2aa0cb1a2aa6acfd4e7fe7a9b",
                "sha256:a694f160d1701285cf3152951430740878d168511cd9ea0a3adcfaf3cac00322",
                "sha256:ac97691c0e0e23607626d394bd660a46ea33f64921dc9288cf24daee207f9fe3",
                "sha256:b062be400bbaff6e8b17c0a8da9481e01ec935f97967e0870e9aacd7ba60a52a",
                "sha256:b12e608761e1586a65f6e96a34417a91f814dbab29f2929b41d825ab32fab6ef",
                "sha256:b2cb058c8229f9697deebe0574f7d95e4b9a5e295ceafd554346bbd464141e89",
                "sha256:b3ade5b349c38ddffb24f8c266fbcd7161f488c43960ff0f03f977d40d4df967",
                "sha256:bba342321e1b5574631894d7d34ec046605d953a23553b7d2f9c0e4d3c27254b",
                "sha256:c0a16cda5dc9b59d494ae23bdd9c4a3db53d04f2b6390265f5c0fe6269777975",
                "sha256:c1bb6fa9e00c846e6829dec2bee8326754adaef5c80626b99233c01923f0342c",
                "sha256:c29518701d6360beb01c25cf69a77b6426db90a9e7cd11179b3bd783c7fb4cb1",
                "sha256:cbc1407dcf01b2e3e547b2d7643b97cc44c0950d2bb4b12c74322664c5cb37d7",
                "sha256:d7792810634036a745ea3eb3c4ccf2b6adab55ca9644e3352747d2b5aa5327f9",
                "sha256:dca46799c152051697c5e88d66c17ba6d0244668d0c4dd8a2ba2d8d3cb745988",
                "sha256:eb414e92f08107f43576a1fedea28aa837220b15ad58c8e32015435fe96cc03e",
                "sha256:ef345a5b050d0869ef404845075edd5f4bd7fd99e235f4d32ce85f423779a120"
            ],
            "index": "pypi",
            "markers": "python_version >= '3.8'",
            "version": "==1.23.25"
        },
        "pymupdfb": {
            "hashes": [
                "sha256:01016dd33220cef4ecaf929d09fd27a584dc3ec3e5c9f4112dfe63613ea35135",
                "sha256:3ffa713ad18e816e584c8a5f569995c32d22f8ac76ab6e4a61f2d2983c4b73d9",
                "sha256:7c9c157281fdee9f296e666a323307dbf74cb38f017921bb131fa7bfcd39c2bd",
                "sha256:9085a1e2fbf16f2820f9f7ad3d25e85f81d9b9eb0409110c1670d4cf5a27a678",
                "sha256:cf50e814db91f2a2325219302fbac229a23682c372cf8232aabd51ea3f18210e",
                "sha256:d00e372452845aea624659c302d25e935052269fd3aafe26948301576d6f2ee8"
            ],
            "markers": "python_version >= '3.8'",
            "version": "==1.23.22"
        },
        "pyparsing": {
            "hashes": [
                "sha256:32c7c0b711493c72ff18a981d24f28aaf9c1fb7ed5e9667c9e84e3db623bdbfb",
                "sha256:ede28a1a32462f5a9705e07aea48001a08f7cf81a021585011deba701581a0db"
            ],
            "markers": "python_full_version >= '3.6.8'",
            "version": "==3.1.1"
        },
        "pyqt6": {
            "hashes": [
                "sha256:03a656d5dc5ac31b6a9ad200f7f4f7ef49fa00ad7ce7a991b9bb691617141d12",
                "sha256:5aa0e833cb5a79b93813f8181d9f145517dd5a46f4374544bcd1e93a8beec537",
                "sha256:6b43878d0bbbcf8b7de165d305ec0cb87113c8930c92de748a11c473a6db5085",
                "sha256:9f158aa29d205142c56f0f35d07784b8df0be28378d20a97bcda8bd64ffd0379"
            ],
            "index": "pypi",
            "markers": "python_full_version >= '3.6.1'",
            "version": "==6.6.1"
        },
        "pyqt6-qt6": {
            "hashes": [
                "sha256:5a41fe9d53b9e29e9ec5c23f3c5949dba160f90ca313ee8b96b8ffe6a5059387",
                "sha256:7ef446d3ffc678a8586ff6dc9f0d27caf4dff05dea02c353540d2f614386faf9",
                "sha256:8d7f674a4ec43ca00191e14945ca4129acbe37a2172ed9d08214ad58b170bc11",
                "sha256:b8363d88623342a72ac17da9127dc12f259bb3148796ea029762aa2d499778d9"
            ],
            "version": "==6.6.2"
        },
        "pyqt6-sip": {
            "hashes": [
                "sha256:0dfd22cfedd87e96f9d51e0778ca2ba3dc0be83e424e9e0f98f6994d8d9c90f0",
                "sha256:13885361ca2cb2f5085d50359ba61b3fabd41b139fb58f37332acbe631ef2357",
                "sha256:24441032a29791e82beb7dfd76878339058def0e97fdb7c1cea517f3a0e6e96b",
                "sha256:2486e1588071943d4f6657ba09096dc9fffd2322ad2c30041e78ea3f037b5778",
                "sha256:3075d8b325382750829e6cde6971c943352309d35768a4d4da0587459606d562",
                "sha256:33ea771fe777eb0d1a2c3ef35bcc3f7a286eb3ff09cd5b2fdd3d87d1f392d7e8",
                "sha256:39854dba35f8e5a4288da26ecb5f40b4c5ec1932efffb3f49d5ea435a7f37fb3",
                "sha256:3bf03e130fbfd75c9c06e687b86ba375410c7a9e835e4e03285889e61dd4b0c4",
                "sha256:43fb8551796030aae3d66d6e35e277494071ec6172cd182c9569ab7db268a2f5",
                "sha256:58f68a48400e0b3d1ccb18090090299bad26e3aed7ccb7057c65887b79b8aeea",
                "sha256:5b9c6b6f9cfccb48cbb78a59603145a698fb4ffd176764d7083e5bf47631d8df",
                "sha256:747f6ca44af81777a2c696bd501bc4815a53ec6fc94d4e25830e10bc1391f8ab",
                "sha256:86a7b67c64436e32bffa9c28c9f21bf14a9faa54991520b12c3f6f435f24df7f",
                "sha256:8c282062125eea5baf830c6998587d98c50be7c3a817a057fb95fef647184012",
                "sha256:8f9df9f7ccd8a9f0f1d36948c686f03ce1a1281543a3e636b7b7d5e086e1a436",
                "sha256:98bf954103b087162fa63b3a78f30b0b63da22fd6450b610ec1b851dbb798228",
                "sha256:9adf672f9114687533a74d5c2d4c03a9a929ad5ad9c3e88098a7da1a440ab916",
                "sha256:a6ce80bc24618d8a41be8ca51ad9f10e8bc4296dd90ab2809573df30a23ae0e5",
                "sha256:d6b5f699aaed0ac1fcd23e8fbca70d8a77965831b7c1ce474b81b1678817a49d",
                "sha256:fa759b6339ff7e25f9afe2a6b651b775f0a36bcb3f5fa85e81a90d3b033c83f4",
                "sha256:fa7b10af7488efc5e53b41dd42c0f421bde6c2865a107af7ae259aff9d841da9"
            ],
            "markers": "python_version >= '3.7'",
            "version": "==13.6.0"
        }
    },
    "develop": {}
}
